// !$*UTF8*$!
{
	archiveVersion = 1;
	classes = {
	};
	objectVersion = 51;
	objects = {

/* Begin PBXBuildFile section */
		A7BA51F35D7DEADDA7A0CDD6 /* Pods_FirebaseTest.framework in Frameworks */ = {isa = PBXBuildFile; fileRef = 7F750829CA3015C76DFF6F46 /* Pods_FirebaseTest.framework */; };
		BD7663B824EDF65C006BCF58 /* AppDelegate.swift in Sources */ = {isa = PBXBuildFile; fileRef = BD7663B724EDF65C006BCF58 /* AppDelegate.swift */; };
		BD7663BA24EDF65C006BCF58 /* SceneDelegate.swift in Sources */ = {isa = PBXBuildFile; fileRef = BD7663B924EDF65C006BCF58 /* SceneDelegate.swift */; };
		BD7663BF24EDF65C006BCF58 /* Main.storyboard in Resources */ = {isa = PBXBuildFile; fileRef = BD7663BD24EDF65C006BCF58 /* Main.storyboard */; };
		BD7663C124EDF65F006BCF58 /* Assets.xcassets in Resources */ = {isa = PBXBuildFile; fileRef = BD7663C024EDF65F006BCF58 /* Assets.xcassets */; };
		BD7663C424EDF65F006BCF58 /* LaunchScreen.storyboard in Resources */ = {isa = PBXBuildFile; fileRef = BD7663C224EDF65F006BCF58 /* LaunchScreen.storyboard */; };
		BD7663D424EE6371006BCF58 /* SignUpViewController.swift in Sources */ = {isa = PBXBuildFile; fileRef = BD7663D324EE6371006BCF58 /* SignUpViewController.swift */; };
		BD7663D824EF6871006BCF58 /* LoginViewController.swift in Sources */ = {isa = PBXBuildFile; fileRef = BD7663D724EF6871006BCF58 /* LoginViewController.swift */; };
		BD7663E324F15149006BCF58 /* GoogleService-Info.plist in Resources */ = {isa = PBXBuildFile; fileRef = BD7663DF24F150D2006BCF58 /* GoogleService-Info.plist */; };
		BD7663E524F53DC9006BCF58 /* MainViewController.swift in Sources */ = {isa = PBXBuildFile; fileRef = BD7663E424F53DC9006BCF58 /* MainViewController.swift */; };
/* End PBXBuildFile section */

/* Begin PBXFileReference section */
		487E07B878281129C00F1F55 /* Pods-FirebaseTest.debug.xcconfig */ = {isa = PBXFileReference; includeInIndex = 1; lastKnownFileType = text.xcconfig; name = "Pods-FirebaseTest.debug.xcconfig"; path = "Target Support Files/Pods-FirebaseTest/Pods-FirebaseTest.debug.xcconfig"; sourceTree = "<group>"; };
		7F750829CA3015C76DFF6F46 /* Pods_FirebaseTest.framework */ = {isa = PBXFileReference; explicitFileType = wrapper.framework; includeInIndex = 0; path = Pods_FirebaseTest.framework; sourceTree = BUILT_PRODUCTS_DIR; };
		B5F4FD949BC455CCDCBE2E68 /* Pods-FirebaseTest.release.xcconfig */ = {isa = PBXFileReference; includeInIndex = 1; lastKnownFileType = text.xcconfig; name = "Pods-FirebaseTest.release.xcconfig"; path = "Target Support Files/Pods-FirebaseTest/Pods-FirebaseTest.release.xcconfig"; sourceTree = "<group>"; };
		BD7663B424EDF65C006BCF58 /* FirebaseTest.app */ = {isa = PBXFileReference; explicitFileType = wrapper.application; includeInIndex = 0; path = FirebaseTest.app; sourceTree = BUILT_PRODUCTS_DIR; };
		BD7663B724EDF65C006BCF58 /* AppDelegate.swift */ = {isa = PBXFileReference; lastKnownFileType = sourcecode.swift; path = AppDelegate.swift; sourceTree = "<group>"; };
		BD7663B924EDF65C006BCF58 /* SceneDelegate.swift */ = {isa = PBXFileReference; lastKnownFileType = sourcecode.swift; path = SceneDelegate.swift; sourceTree = "<group>"; };
		BD7663BE24EDF65C006BCF58 /* Base */ = {isa = PBXFileReference; lastKnownFileType = file.storyboard; name = Base; path = Base.lproj/Main.storyboard; sourceTree = "<group>"; };
		BD7663C024EDF65F006BCF58 /* Assets.xcassets */ = {isa = PBXFileReference; lastKnownFileType = folder.assetcatalog; path = Assets.xcassets; sourceTree = "<group>"; };
		BD7663C324EDF65F006BCF58 /* Base */ = {isa = PBXFileReference; lastKnownFileType = file.storyboard; name = Base; path = Base.lproj/LaunchScreen.storyboard; sourceTree = "<group>"; };
		BD7663C524EDF65F006BCF58 /* Info.plist */ = {isa = PBXFileReference; lastKnownFileType = text.plist.xml; path = Info.plist; sourceTree = "<group>"; };
		BD7663D324EE6371006BCF58 /* SignUpViewController.swift */ = {isa = PBXFileReference; lastKnownFileType = sourcecode.swift; path = SignUpViewController.swift; sourceTree = SOURCE_ROOT; };
		BD7663D724EF6871006BCF58 /* LoginViewController.swift */ = {isa = PBXFileReference; lastKnownFileType = sourcecode.swift; path = LoginViewController.swift; sourceTree = "<group>"; };
		BD7663DF24F150D2006BCF58 /* GoogleService-Info.plist */ = {isa = PBXFileReference; fileEncoding = 4; lastKnownFileType = text.plist.xml; name = "GoogleService-Info.plist"; path = "../../../../../.Trash/GoogleService-Info.plist"; sourceTree = "<group>"; };
		BD7663E124F1510C006BCF58 /* GoogleService-Info-2.plist */ = {isa = PBXFileReference; fileEncoding = 4; lastKnownFileType = text.plist.xml; path = "GoogleService-Info-2.plist"; sourceTree = "<group>"; };
		BD7663E424F53DC9006BCF58 /* MainViewController.swift */ = {isa = PBXFileReference; lastKnownFileType = sourcecode.swift; path = MainViewController.swift; sourceTree = "<group>"; };
/* End PBXFileReference section */

/* Begin PBXFrameworksBuildPhase section */
		BD7663B124EDF65C006BCF58 /* Frameworks */ = {
			isa = PBXFrameworksBuildPhase;
			buildActionMask = 2147483647;
			files = (
				A7BA51F35D7DEADDA7A0CDD6 /* Pods_FirebaseTest.framework in Frameworks */,
			);
			runOnlyForDeploymentPostprocessing = 0;
		};
/* End PBXFrameworksBuildPhase section */

/* Begin PBXGroup section */
		61B67260EA1F71AD209F1980 /* Frameworks */ = {
			isa = PBXGroup;
			children = (
				7F750829CA3015C76DFF6F46 /* Pods_FirebaseTest.framework */,
			);
			name = Frameworks;
			sourceTree = "<group>";
		};
		BD7663AB24EDF65C006BCF58 = {
			isa = PBXGroup;
			children = (
				BD7663B624EDF65C006BCF58 /* FirebaseTest */,
				BD7663B524EDF65C006BCF58 /* Products */,
				E1DEAC9B853C353645C26036 /* Pods */,
				61B67260EA1F71AD209F1980 /* Frameworks */,
			);
			sourceTree = "<group>";
		};
		BD7663B524EDF65C006BCF58 /* Products */ = {
			isa = PBXGroup;
			children = (
				BD7663B424EDF65C006BCF58 /* FirebaseTest.app */,
			);
			name = Products;
			sourceTree = "<group>";
		};
		BD7663B624EDF65C006BCF58 /* FirebaseTest */ = {
			isa = PBXGroup;
			children = (
				BD7663B724EDF65C006BCF58 /* AppDelegate.swift */,
				BD7663B924EDF65C006BCF58 /* SceneDelegate.swift */,
				BD7663D324EE6371006BCF58 /* SignUpViewController.swift */,
				BD7663D724EF6871006BCF58 /* LoginViewController.swift */,
				BD7663E424F53DC9006BCF58 /* MainViewController.swift */,
				BD7663BD24EDF65C006BCF58 /* Main.storyboard */,
				BD7663C024EDF65F006BCF58 /* Assets.xcassets */,
				BD7663C224EDF65F006BCF58 /* LaunchScreen.storyboard */,
				BD7663DF24F150D2006BCF58 /* GoogleService-Info.plist */,
				BD7663E124F1510C006BCF58 /* GoogleService-Info-2.plist */,
				BD7663C524EDF65F006BCF58 /* Info.plist */,
			);
			path = FirebaseTest;
			sourceTree = "<group>";
		};
		E1DEAC9B853C353645C26036 /* Pods */ = {
			isa = PBXGroup;
			children = (
				487E07B878281129C00F1F55 /* Pods-FirebaseTest.debug.xcconfig */,
				B5F4FD949BC455CCDCBE2E68 /* Pods-FirebaseTest.release.xcconfig */,
			);
			path = Pods;
			sourceTree = "<group>";
		};
/* End PBXGroup section */

/* Begin PBXNativeTarget section */
		BD7663B324EDF65C006BCF58 /* FirebaseTest */ = {
			isa = PBXNativeTarget;
			buildConfigurationList = BD7663C824EDF65F006BCF58 /* Build configuration list for PBXNativeTarget "FirebaseTest" */;
			buildPhases = (
				8E342AA4F17615323B83FC23 /* [CP] Check Pods Manifest.lock */,
				BD7663B024EDF65C006BCF58 /* Sources */,
				BD7663B124EDF65C006BCF58 /* Frameworks */,
				BD7663B224EDF65C006BCF58 /* Resources */,
				3693BD4C89DF54CBE748626A /* [CP] Embed Pods Frameworks */,
			);
			buildRules = (
			);
			dependencies = (
			);
			name = FirebaseTest;
			productName = FirebaseTest;
			productReference = BD7663B424EDF65C006BCF58 /* FirebaseTest.app */;
			productType = "com.apple.product-type.application";
		};
/* End PBXNativeTarget section */

/* Begin PBXProject section */
		BD7663AC24EDF65C006BCF58 /* Project object */ = {
			isa = PBXProject;
			attributes = {
				LastSwiftUpdateCheck = 1160;
				LastUpgradeCheck = 1160;
				ORGANIZATIONNAME = "Ju-Hyuk Cho";
				TargetAttributes = {
					BD7663B324EDF65C006BCF58 = {
						CreatedOnToolsVersion = 11.6;
					};
				};
			};
			buildConfigurationList = BD7663AF24EDF65C006BCF58 /* Build configuration list for PBXProject "FirebaseTest" */;
			compatibilityVersion = "Xcode 9.3";
			developmentRegion = en;
			hasScannedForEncodings = 0;
			knownRegions = (
				en,
				Base,
			);
			mainGroup = BD7663AB24EDF65C006BCF58;
			productRefGroup = BD7663B524EDF65C006BCF58 /* Products */;
			projectDirPath = "";
			projectRoot = "";
			targets = (
				BD7663B324EDF65C006BCF58 /* FirebaseTest */,
			);
		};
/* End PBXProject section */

/* Begin PBXResourcesBuildPhase section */
		BD7663B224EDF65C006BCF58 /* Resources */ = {
			isa = PBXResourcesBuildPhase;
			buildActionMask = 2147483647;
			files = (
				BD7663C424EDF65F006BCF58 /* LaunchScreen.storyboard in Resources */,
				BD7663E324F15149006BCF58 /* GoogleService-Info.plist in Resources */,
				BD7663C124EDF65F006BCF58 /* Assets.xcassets in Resources */,
				BD7663BF24EDF65C006BCF58 /* Main.storyboard in Resources */,
			);
			runOnlyForDeploymentPostprocessing = 0;
		};
/* End PBXResourcesBuildPhase section */

/* Begin PBXShellScriptBuildPhase section */
		3693BD4C89DF54CBE748626A /* [CP] Embed Pods Frameworks */ = {
			isa = PBXShellScriptBuildPhase;
			buildActionMask = 2147483647;
			files = (
			);
			inputFileListPaths = (
				"${PODS_ROOT}/Target Support Files/Pods-FirebaseTest/Pods-FirebaseTest-frameworks-${CONFIGURATION}-input-files.xcfilelist",
			);
			name = "[CP] Embed Pods Frameworks";
			outputFileListPaths = (
				"${PODS_ROOT}/Target Support Files/Pods-FirebaseTest/Pods-FirebaseTest-frameworks-${CONFIGURATION}-output-files.xcfilelist",
			);
			runOnlyForDeploymentPostprocessing = 0;
			shellPath = /bin/sh;
			shellScript = "\"${PODS_ROOT}/Target Support Files/Pods-FirebaseTest/Pods-FirebaseTest-frameworks.sh\"\n";
			showEnvVarsInLog = 0;
		};
		8E342AA4F17615323B83FC23 /* [CP] Check Pods Manifest.lock */ = {
			isa = PBXShellScriptBuildPhase;
			buildActionMask = 2147483647;
			files = (
			);
			inputFileListPaths = (
			);
			inputPaths = (
				"${PODS_PODFILE_DIR_PATH}/Podfile.lock",
				"${PODS_ROOT}/Manifest.lock",
			);
			name = "[CP] Check Pods Manifest.lock";
			outputFileListPaths = (
			);
			outputPaths = (
				"$(DERIVED_FILE_DIR)/Pods-FirebaseTest-checkManifestLockResult.txt",
			);
			runOnlyForDeploymentPostprocessing = 0;
			shellPath = /bin/sh;
			shellScript = "diff \"${PODS_PODFILE_DIR_PATH}/Podfile.lock\" \"${PODS_ROOT}/Manifest.lock\" > /dev/null\nif [ $? != 0 ] ; then\n    # print error to STDERR\n    echo \"error: The sandbox is not in sync with the Podfile.lock. Run 'pod install' or update your CocoaPods installation.\" >&2\n    exit 1\nfi\n# This output is used by Xcode 'outputs' to avoid re-running this script phase.\necho \"SUCCESS\" > \"${SCRIPT_OUTPUT_FILE_0}\"\n";
			showEnvVarsInLog = 0;
		};
/* End PBXShellScriptBuildPhase section */

/* Begin PBXSourcesBuildPhase section */
		BD7663B024EDF65C006BCF58 /* Sources */ = {
			isa = PBXSourcesBuildPhase;
			buildActionMask = 2147483647;
			files = (
				BD7663D824EF6871006BCF58 /* LoginViewController.swift in Sources */,
				BD7663B824EDF65C006BCF58 /* AppDelegate.swift in Sources */,
				BD7663D424EE6371006BCF58 /* SignUpViewController.swift in Sources */,
				BD7663BA24EDF65C006BCF58 /* SceneDelegate.swift in Sources */,
				BD7663E524F53DC9006BCF58 /* MainViewController.swift in Sources */,
			);
			runOnlyForDeploymentPostprocessing = 0;
		};
/* End PBXSourcesBuildPhase section */

/* Begin PBXVariantGroup section */
		BD7663BD24EDF65C006BCF58 /* Main.storyboard */ = {
			isa = PBXVariantGroup;
			children = (
				BD7663BE24EDF65C006BCF58 /* Base */,
			);
			name = Main.storyboard;
			sourceTree = "<group>";
		};
		BD7663C224EDF65F006BCF58 /* LaunchScreen.storyboard */ = {
			isa = PBXVariantGroup;
			children = (
				BD7663C324EDF65F006BCF58 /* Base */,
			);
			name = LaunchScreen.storyboard;
			sourceTree = "<group>";
		};
/* End PBXVariantGroup section */

/* Begin XCBuildConfiguration section */
		BD7663C624EDF65F006BCF58 /* Debug */ = {
			isa = XCBuildConfiguration;
			buildSettings = {
				ALWAYS_SEARCH_USER_PATHS = NO;
				CLANG_ANALYZER_NONNULL = YES;
				CLANG_ANALYZER_NUMBER_OBJECT_CONVERSION = YES_AGGRESSIVE;
				CLANG_CXX_LANGUAGE_STANDARD = "gnu++14";
				CLANG_CXX_LIBRARY = "libc++";
				CLANG_ENABLE_MODULES = YES;
				CLANG_ENABLE_OBJC_ARC = YES;
				CLANG_ENABLE_OBJC_WEAK = YES;
				CLANG_WARN_BLOCK_CAPTURE_AUTORELEASING = YES;
				CLANG_WARN_BOOL_CONVERSION = YES;
				CLANG_WARN_COMMA = YES;
				CLANG_WARN_CONSTANT_CONVERSION = YES;
				CLANG_WARN_DEPRECATED_OBJC_IMPLEMENTATIONS = YES;
				CLANG_WARN_DIRECT_OBJC_ISA_USAGE = YES_ERROR;
				CLANG_WARN_DOCUMENTATION_COMMENTS = YES;
				CLANG_WARN_EMPTY_BODY = YES;
				CLANG_WARN_ENUM_CONVERSION = YES;
				CLANG_WARN_INFINITE_RECURSION = YES;
				CLANG_WARN_INT_CONVERSION = YES;
				CLANG_WARN_NON_LITERAL_NULL_CONVERSION = YES;
				CLANG_WARN_OBJC_IMPLICIT_RETAIN_SELF = YES;
				CLANG_WARN_OBJC_LITERAL_CONVERSION = YES;
				CLANG_WARN_OBJC_ROOT_CLASS = YES_ERROR;
				CLANG_WARN_RANGE_LOOP_ANALYSIS = YES;
				CLANG_WARN_STRICT_PROTOTYPES = YES;
				CLANG_WARN_SUSPICIOUS_MOVE = YES;
				CLANG_WARN_UNGUARDED_AVAILABILITY = YES_AGGRESSIVE;
				CLANG_WARN_UNREACHABLE_CODE = YES;
				CLANG_WARN__DUPLICATE_METHOD_MATCH = YES;
				COPY_PHASE_STRIP = NO;
				DEBUG_INFORMATION_FORMAT = dwarf;
				ENABLE_STRICT_OBJC_MSGSEND = YES;
				ENABLE_TESTABILITY = YES;
				GCC_C_LANGUAGE_STANDARD = gnu11;
				GCC_DYNAMIC_NO_PIC = NO;
				GCC_NO_COMMON_BLOCKS = YES;
				GCC_OPTIMIZATION_LEVEL = 0;
				GCC_PREPROCESSOR_DEFINITIONS = (
					"DEBUG=1",
					"$(inherited)",
				);
				GCC_WARN_64_TO_32_BIT_CONVERSION = YES;
				GCC_WARN_ABOUT_RETURN_TYPE = YES_ERROR;
				GCC_WARN_UNDECLARED_SELECTOR = YES;
				GCC_WARN_UNINITIALIZED_AUTOS = YES_AGGRESSIVE;
				GCC_WARN_UNUSED_FUNCTION = YES;
				GCC_WARN_UNUSED_VARIABLE = YES;
				IPHONEOS_DEPLOYMENT_TARGET = 13.6;
				MTL_ENABLE_DEBUG_INFO = INCLUDE_SOURCE;
				MTL_FAST_MATH = YES;
				ONLY_ACTIVE_ARCH = YES;
				SDKROOT = iphoneos;
				SWIFT_ACTIVE_COMPILATION_CONDITIONS = DEBUG;
				SWIFT_OPTIMIZATION_LEVEL = "-Onone";
			};
			name = Debug;
		};
		BD7663C724EDF65F006BCF58 /* Release */ = {
			isa = XCBuildConfiguration;
			buildSettings = {
				ALWAYS_SEARCH_USER_PATHS = NO;
				CLANG_ANALYZER_NONNULL = YES;
				CLANG_ANALYZER_NUMBER_OBJECT_CONVERSION = YES_AGGRESSIVE;
				CLANG_CXX_LANGUAGE_STANDARD = "gnu++14";
				CLANG_CXX_LIBRARY = "libc++";
				CLANG_ENABLE_MODULES = YES;
				CLANG_ENABLE_OBJC_ARC = YES;
				CLANG_ENABLE_OBJC_WEAK = YES;
				CLANG_WARN_BLOCK_CAPTURE_AUTORELEASING = YES;
				CLANG_WARN_BOOL_CONVERSION = YES;
				CLANG_WARN_COMMA = YES;
				CLANG_WARN_CONSTANT_CONVERSION = YES;
				CLANG_WARN_DEPRECATED_OBJC_IMPLEMENTATIONS = YES;
				CLANG_WARN_DIRECT_OBJC_ISA_USAGE = YES_ERROR;
				CLANG_WARN_DOCUMENTATION_COMMENTS = YES;
				CLANG_WARN_EMPTY_BODY = YES;
				CLANG_WARN_ENUM_CONVERSION = YES;
				CLANG_WARN_INFINITE_RECURSION = YES;
				CLANG_WARN_INT_CONVERSION = YES;
				CLANG_WARN_NON_LITERAL_NULL_CONVERSION = YES;
				CLANG_WARN_OBJC_IMPLICIT_RETAIN_SELF = YES;
				CLANG_WARN_OBJC_LITERAL_CONVERSION = YES;
				CLANG_WARN_OBJC_ROOT_CLASS = YES_ERROR;
				CLANG_WARN_RANGE_LOOP_ANALYSIS = YES;
				CLANG_WARN_STRICT_PROTOTYPES = YES;
				CLANG_WARN_SUSPICIOUS_MOVE = YES;
				CLANG_WARN_UNGUARDED_AVAILABILITY = YES_AGGRESSIVE;
				CLANG_WARN_UNREACHABLE_CODE = YES;
				CLANG_WARN__DUPLICATE_METHOD_MATCH = YES;
				COPY_PHASE_STRIP = NO;
				DEBUG_INFORMATION_FORMAT = "dwarf-with-dsym";
				ENABLE_NS_ASSERTIONS = NO;
				ENABLE_STRICT_OBJC_MSGSEND = YES;
				GCC_C_LANGUAGE_STANDARD = gnu11;
				GCC_NO_COMMON_BLOCKS = YES;
				GCC_WARN_64_TO_32_BIT_CONVERSION = YES;
				GCC_WARN_ABOUT_RETURN_TYPE = YES_ERROR;
				GCC_WARN_UNDECLARED_SELECTOR = YES;
				GCC_WARN_UNINITIALIZED_AUTOS = YES_AGGRESSIVE;
				GCC_WARN_UNUSED_FUNCTION = YES;
				GCC_WARN_UNUSED_VARIABLE = YES;
				IPHONEOS_DEPLOYMENT_TARGET = 13.6;
				MTL_ENABLE_DEBUG_INFO = NO;
				MTL_FAST_MATH = YES;
				SDKROOT = iphoneos;
				SWIFT_COMPILATION_MODE = wholemodule;
				SWIFT_OPTIMIZATION_LEVEL = "-O";
				VALIDATE_PRODUCT = YES;
			};
			name = Release;
		};
		BD7663C924EDF65F006BCF58 /* Debug */ = {
			isa = XCBuildConfiguration;
			baseConfigurationReference = 487E07B878281129C00F1F55 /* Pods-FirebaseTest.debug.xcconfig */;
			buildSettings = {
				ASSETCATALOG_COMPILER_APPICON_NAME = AppIcon;
				CODE_SIGN_STYLE = Automatic;
				INFOPLIST_FILE = FirebaseTest/Info.plist;
				LD_RUNPATH_SEARCH_PATHS = (
					"$(inherited)",
					"@executable_path/Frameworks",
				);
				PRODUCT_BUNDLE_IDENTIFIER = com.yourcompany.FirebaseTest;
				PRODUCT_NAME = "$(TARGET_NAME)";
				SWIFT_VERSION = 5.0;
				TARGETED_DEVICE_FAMILY = "1,2";
			};
			name = Debug;
		};
		BD7663CA24EDF65F006BCF58 /* Release */ = {
			isa = XCBuildConfiguration;
			baseConfigurationReference = B5F4FD949BC455CCDCBE2E68 /* Pods-FirebaseTest.release.xcconfig */;
			buildSettings = {
				ASSETCATALOG_COMPILER_APPICON_NAME = AppIcon;
				CODE_SIGN_STYLE = Automatic;
				INFOPLIST_FILE = FirebaseTest/Info.plist;
				LD_RUNPATH_SEARCH_PATHS = (
					"$(inherited)",
					"@executable_path/Frameworks",
				);
				PRODUCT_BUNDLE_IDENTIFIER = com.yourcompany.FirebaseTest;
				PRODUCT_NAME = "$(TARGET_NAME)";
				SWIFT_VERSION = 5.0;
				TARGETED_DEVICE_FAMILY = "1,2";
			};
			name = Release;
		};
/* End XCBuildConfiguration section */

/* Begin XCConfigurationList section */
		BD7663AF24EDF65C006BCF58 /* Build configuration list for PBXProject "FirebaseTest" */ = {
			isa = XCConfigurationList;
			buildConfigurations = (
				BD7663C624EDF65F006BCF58 /* Debug */,
				BD7663C724EDF65F006BCF58 /* Release */,
			);
			defaultConfigurationIsVisible = 0;
			defaultConfigurationName = Release;
		};
		BD7663C824EDF65F006BCF58 /* Build configuration list for PBXNativeTarget "FirebaseTest" */ = {
			isa = XCConfigurationList;
			buildConfigurations = (
				BD7663C924EDF65F006BCF58 /* Debug */,
				BD7663CA24EDF65F006BCF58 /* Release */,
			);
			defaultConfigurationIsVisible = 0;
			defaultConfigurationName = Release;
		};
/* End XCConfigurationList section */
	};
	rootObject = BD7663AC24EDF65C006BCF58 /* Project object */;
}
